
Microsoft Visual Studio Solution File, Format Version 12.00
# Visual Studio Version 16
VisualStudioVersion = 16.0.30114.105
MinimumVisualStudioVersion = 10.0.40219.1
Project("{FAE04EC0-301F-11D3-BF4B-00C04F79EFBC}") = "ProEventos.Application", "ProEventos.Application\ProEventos.Application.csproj", "{94966060-A11A-4162-8685-071BB8A24816}"
EndProject
Project("{FAE04EC0-301F-11D3-BF4B-00C04F79EFBC}") = "ProEventos.Domain", "ProEventos.Domain\ProEventos.Domain.csproj", "{729FE879-E175-4ACD-BB9B-67F28D0C7D48}"
EndProject
Project("{FAE04EC0-301F-11D3-BF4B-00C04F79EFBC}") = "ProEventos.API", "ProEventos.Api\ProEventos.API.csproj", "{3D1E2E39-3F7D-4641-B163-625691CFEA64}"
EndProject
Project("{FAE04EC0-301F-11D3-BF4B-00C04F79EFBC}") = "ProEventos.Persistence", "ProEventos.Persistence\ProEventos.Persistence.csproj", "{EE24A63E-275E-4F09-9EA0-966532D8807B}"
EndProject
Global
	GlobalSection(SolutionConfigurationPlatforms) = preSolution
		Debug|Any CPU = Debug|Any CPU
		Debug|x64 = Debug|x64
		Debug|x86 = Debug|x86
		Release|Any CPU = Release|Any CPU
		Release|x64 = Release|x64
		Release|x86 = Release|x86
	EndGlobalSection
	GlobalSection(SolutionProperties) = preSolution
		HideSolutionNode = FALSE
	EndGlobalSection
	GlobalSection(ProjectConfigurationPlatforms) = postSolution
		{94966060-A11A-4162-8685-071BB8A24816}.Debug|Any CPU.ActiveCfg = Debug|Any CPU
		{94966060-A11A-4162-8685-071BB8A24816}.Debug|Any CPU.Build.0 = Debug|Any CPU
		{94966060-A11A-4162-8685-071BB8A24816}.Debug|x64.ActiveCfg = Debug|Any CPU
		{94966060-A11A-4162-8685-071BB8A24816}.Debug|x64.Build.0 = Debug|Any CPU
		{94966060-A11A-4162-8685-071BB8A24816}.Debug|x86.ActiveCfg = Debug|Any CPU
		{94966060-A11A-4162-8685-071BB8A24816}.Debug|x86.Build.0 = Debug|Any CPU
		{94966060-A11A-4162-8685-071BB8A24816}.Release|Any CPU.ActiveCfg = Release|Any CPU
		{94966060-A11A-4162-8685-071BB8A24816}.Release|Any CPU.Build.0 = Release|Any CPU
		{94966060-A11A-4162-8685-071BB8A24816}.Release|x64.ActiveCfg = Release|Any CPU
		{94966060-A11A-4162-8685-071BB8A24816}.Release|x64.Build.0 = Release|Any CPU
		{94966060-A11A-4162-8685-071BB8A24816}.Release|x86.ActiveCfg = Release|Any CPU
		{94966060-A11A-4162-8685-071BB8A24816}.Release|x86.Build.0 = Release|Any CPU
		{729FE879-E175-4ACD-BB9B-67F28D0C7D48}.Debug|Any CPU.ActiveCfg = Debug|Any CPU
		{729FE879-E175-4ACD-BB9B-67F28D0C7D48}.Debug|Any CPU.Build.0 = Debug|Any CPU
		{729FE879-E175-4ACD-BB9B-67F28D0C7D48}.Debug|x64.ActiveCfg = Debug|Any CPU
		{729FE879-E175-4ACD-BB9B-67F28D0C7D48}.Debug|x64.Build.0 = Debug|Any CPU
		{729FE879-E175-4ACD-BB9B-67F28D0C7D48}.Debug|x86.ActiveCfg = Debug|Any CPU
		{729FE879-E175-4ACD-BB9B-67F28D0C7D48}.Debug|x86.Build.0 = Debug|Any CPU
		{729FE879-E175-4ACD-BB9B-67F28D0C7D48}.Release|Any CPU.ActiveCfg = Release|Any CPU
		{729FE879-E175-4ACD-BB9B-67F28D0C7D48}.Release|Any CPU.Build.0 = Release|Any CPU
		{729FE879-E175-4ACD-BB9B-67F28D0C7D48}.Release|x64.ActiveCfg = Release|Any CPU
		{729FE879-E175-4ACD-BB9B-67F28D0C7D48}.Release|x64.Build.0 = Release|Any CPU
		{729FE879-E175-4ACD-BB9B-67F28D0C7D48}.Release|x86.ActiveCfg = Release|Any CPU
		{729FE879-E175-4ACD-BB9B-67F28D0C7D48}.Release|x86.Build.0 = Release|Any CPU
		{3D1E2E39-3F7D-4641-B163-625691CFEA64}.Debug|Any CPU.ActiveCfg = Debug|Any CPU
		{3D1E2E39-3F7D-4641-B163-625691CFEA64}.Debug|Any CPU.Build.0 = Debug|Any CPU
		{3D1E2E39-3F7D-4641-B163-625691CFEA64}.Debug|x64.ActiveCfg = Debug|Any CPU
		{3D1E2E39-3F7D-4641-B163-625691CFEA64}.Debug|x64.Build.0 = Debug|Any CPU
		{3D1E2E39-3F7D-4641-B163-625691CFEA64}.Debug|x86.ActiveCfg = Debug|Any CPU
		{3D1E2E39-3F7D-4641-B163-625691CFEA64}.Debug|x86.Build.0 = Debug|Any CPU
		{3D1E2E39-3F7D-4641-B163-625691CFEA64}.Release|Any CPU.ActiveCfg = Release|Any CPU
		{3D1E2E39-3F7D-4641-B163-625691CFEA64}.Release|Any CPU.Build.0 = Release|Any CPU
		{3D1E2E39-3F7D-4641-B163-625691CFEA64}.Release|x64.ActiveCfg = Release|Any CPU
		{3D1E2E39-3F7D-4641-B163-625691CFEA64}.Release|x64.Build.0 = Release|Any CPU
		{3D1E2E39-3F7D-4641-B163-625691CFEA64}.Release|x86.ActiveCfg = Release|Any CPU
		{3D1E2E39-3F7D-4641-B163-625691CFEA64}.Release|x86.Build.0 = Release|Any CPU
		{EE24A63E-275E-4F09-9EA0-966532D8807B}.Debug|Any CPU.ActiveCfg = Debug|Any CPU
		{EE24A63E-275E-4F09-9EA0-966532D8807B}.Debug|Any CPU.Build.0 = Debug|Any CPU
		{EE24A63E-275E-4F09-9EA0-966532D8807B}.Debug|x64.ActiveCfg = Debug|Any CPU
		{EE24A63E-275E-4F09-9EA0-966532D8807B}.Debug|x64.Build.0 = Debug|Any CPU
		{EE24A63E-275E-4F09-9EA0-966532D8807B}.Debug|x86.ActiveCfg = Debug|Any CPU
		{EE24A63E-275E-4F09-9EA0-966532D8807B}.Debug|x86.Build.0 = Debug|Any CPU
		{EE24A63E-275E-4F09-9EA0-966532D8807B}.Release|Any CPU.ActiveCfg = Release|Any CPU
		{EE24A63E-275E-4F09-9EA0-966532D8807B}.Release|Any CPU.Build.0 = Release|Any CPU
		{EE24A63E-275E-4F09-9EA0-966532D8807B}.Release|x64.ActiveCfg = Release|Any CPU
		{EE24A63E-275E-4F09-9EA0-966532D8807B}.Release|x64.Build.0 = Release|Any CPU
		{EE24A63E-275E-4F09-9EA0-966532D8807B}.Release|x86.ActiveCfg = Release|Any CPU
		{EE24A63E-275E-4F09-9EA0-966532D8807B}.Release|x86.Build.0 = Release|Any CPU
	EndGlobalSection
EndGlobal
